
Microsoft Visual Studio Solution File, Format Version 12.00
# Visual Studio Version 16
VisualStudioVersion = 16.0.30114.105
MinimumVisualStudioVersion = 10.0.40219.1
Project("{FAE04EC0-301F-11D3-BF4B-00C04F79EFBC}") = "task 3", "task 3\task 3.csproj", "{6DAB3072-3AF5-4B35-9B9B-C431AE361800}"
EndProject
Global
	GlobalSection(SolutionConfigurationPlatforms) = preSolution
		Debug|Any CPU = Debug|Any CPU
		Release|Any CPU = Release|Any CPU
	EndGlobalSection
	GlobalSection(ProjectConfigurationPlatforms) = postSolution
		{6DAB3072-3AF5-4B35-9B9B-C431AE361800}.Debug|Any CPU.ActiveCfg = Debug|Any CPU
		{6DAB3072-3AF5-4B35-9B9B-C431AE361800}.Debug|Any CPU.Build.0 = Debug|Any CPU
		{6DAB3072-3AF5-4B35-9B9B-C431AE361800}.Release|Any CPU.ActiveCfg = Release|Any CPU
		{6DAB3072-3AF5-4B35-9B9B-C431AE361800}.Release|Any CPU.Build.0 = Release|Any CPU
	EndGlobalSection
	GlobalSection(SolutionProperties) = preSolution
		HideSolutionNode = FALSE
	EndGlobalSection
	GlobalSection(ExtensibilityGlobals) = postSolution
		SolutionGuid = {89D86849-8559-4D74-95D1-463518ADD637}
	EndGlobalSection
EndGlobal
