
Microsoft Visual Studio Solution File, Format Version 12.00
# Visual Studio Version 16
VisualStudioVersion = 16.0.30114.105
MinimumVisualStudioVersion = 10.0.40219.1
Project("{FAE04EC0-301F-11D3-BF4B-00C04F79EFBC}") = "task 9", "task 9\task 9.csproj", "{D43B5F19-71B0-4707-BE53-99EC4915688A}"
EndProject
Global
	GlobalSection(SolutionConfigurationPlatforms) = preSolution
		Debug|Any CPU = Debug|Any CPU
		Release|Any CPU = Release|Any CPU
	EndGlobalSection
	GlobalSection(ProjectConfigurationPlatforms) = postSolution
		{D43B5F19-71B0-4707-BE53-99EC4915688A}.Debug|Any CPU.ActiveCfg = Debug|Any CPU
		{D43B5F19-71B0-4707-BE53-99EC4915688A}.Debug|Any CPU.Build.0 = Debug|Any CPU
		{D43B5F19-71B0-4707-BE53-99EC4915688A}.Release|Any CPU.ActiveCfg = Release|Any CPU
		{D43B5F19-71B0-4707-BE53-99EC4915688A}.Release|Any CPU.Build.0 = Release|Any CPU
	EndGlobalSection
	GlobalSection(SolutionProperties) = preSolution
		HideSolutionNode = FALSE
	EndGlobalSection
	GlobalSection(ExtensibilityGlobals) = postSolution
		SolutionGuid = {62CFB554-BB04-4AF1-84E1-CF2CD4A775F3}
	EndGlobalSection
EndGlobal
